// !$*UTF8*$!
{
	archiveVersion = 1;
	classes = {
	};
	objectVersion = 50;
	objects = {

/* Begin PBXBuildFile section */
		BC0B360E2592D5650018F563 /* AppDelegate.swift in Sources */ = {isa = PBXBuildFile; fileRef = BC0B360D2592D5650018F563 /* AppDelegate.swift */; };
		BC0B36102592D5650018F563 /* SceneDelegate.swift in Sources */ = {isa = PBXBuildFile; fileRef = BC0B360F2592D5650018F563 /* SceneDelegate.swift */; };
		BC0B36122592D5650018F563 /* ViewController.swift in Sources */ = {isa = PBXBuildFile; fileRef = BC0B36112592D5650018F563 /* ViewController.swift */; };
		BC0B36152592D5650018F563 /* Main.storyboard in Resources */ = {isa = PBXBuildFile; fileRef = BC0B36132592D5650018F563 /* Main.storyboard */; };
		BC0B36172592D56E0018F563 /* Assets.xcassets in Resources */ = {isa = PBXBuildFile; fileRef = BC0B36162592D56E0018F563 /* Assets.xcassets */; };
		BC0B361A2592D56E0018F563 /* LaunchScreen.storyboard in Resources */ = {isa = PBXBuildFile; fileRef = BC0B36182592D56E0018F563 /* LaunchScreen.storyboard */; };
		BC0B36252592D56E0018F563 /* MicrosoftAssignmentTests.swift in Sources */ = {isa = PBXBuildFile; fileRef = BC0B36242592D56E0018F563 /* MicrosoftAssignmentTests.swift */; };
		BC0B36302592D56F0018F563 /* MicrosoftAssignmentUITests.swift in Sources */ = {isa = PBXBuildFile; fileRef = BC0B362F2592D56F0018F563 /* MicrosoftAssignmentUITests.swift */; };
		BC0B363E2592D5C30018F563 /* CollectionViewController.swift in Sources */ = {isa = PBXBuildFile; fileRef = BC0B363D2592D5C30018F563 /* CollectionViewController.swift */; };
		BC0B364225945F180018F563 /* CustomCell.swift in Sources */ = {isa = PBXBuildFile; fileRef = BC0B364125945F180018F563 /* CustomCell.swift */; };
/* End PBXBuildFile section */

/* Begin PBXContainerItemProxy section */
		BC0B36212592D56E0018F563 /* PBXContainerItemProxy */ = {
			isa = PBXContainerItemProxy;
			containerPortal = BC0B36022592D5650018F563 /* Project object */;
			proxyType = 1;
			remoteGlobalIDString = BC0B36092592D5650018F563;
			remoteInfo = MicrosoftAssignment;
		};
		BC0B362C2592D56F0018F563 /* PBXContainerItemProxy */ = {
			isa = PBXContainerItemProxy;
			containerPortal = BC0B36022592D5650018F563 /* Project object */;
			proxyType = 1;
			remoteGlobalIDString = BC0B36092592D5650018F563;
			remoteInfo = MicrosoftAssignment;
		};
/* End PBXContainerItemProxy section */

/* Begin PBXFileReference section */
		BC0B360A2592D5650018F563 /* MicrosoftAssignment.app */ = {isa = PBXFileReference; explicitFileType = wrapper.application; includeInIndex = 0; path = MicrosoftAssignment.app; sourceTree = BUILT_PRODUCTS_DIR; };
		BC0B360D2592D5650018F563 /* AppDelegate.swift */ = {isa = PBXFileReference; lastKnownFileType = sourcecode.swift; path = AppDelegate.swift; sourceTree = "<group>"; };
		BC0B360F2592D5650018F563 /* SceneDelegate.swift */ = {isa = PBXFileReference; lastKnownFileType = sourcecode.swift; path = SceneDelegate.swift; sourceTree = "<group>"; };
		BC0B36112592D5650018F563 /* ViewController.swift */ = {isa = PBXFileReference; lastKnownFileType = sourcecode.swift; path = ViewController.swift; sourceTree = "<group>"; };
		BC0B36142592D5650018F563 /* Base */ = {isa = PBXFileReference; lastKnownFileType = file.storyboard; name = Base; path = Base.lproj/Main.storyboard; sourceTree = "<group>"; };
		BC0B36162592D56E0018F563 /* Assets.xcassets */ = {isa = PBXFileReference; lastKnownFileType = folder.assetcatalog; path = Assets.xcassets; sourceTree = "<group>"; };
		BC0B36192592D56E0018F563 /* Base */ = {isa = PBXFileReference; lastKnownFileType = file.storyboard; name = Base; path = Base.lproj/LaunchScreen.storyboard; sourceTree = "<group>"; };
		BC0B361B2592D56E0018F563 /* Info.plist */ = {isa = PBXFileReference; lastKnownFileType = text.plist.xml; path = Info.plist; sourceTree = "<group>"; };
		BC0B36202592D56E0018F563 /* MicrosoftAssignmentTests.xctest */ = {isa = PBXFileReference; explicitFileType = wrapper.cfbundle; includeInIndex = 0; path = MicrosoftAssignmentTests.xctest; sourceTree = BUILT_PRODUCTS_DIR; };
		BC0B36242592D56E0018F563 /* MicrosoftAssignmentTests.swift */ = {isa = PBXFileReference; lastKnownFileType = sourcecode.swift; path = MicrosoftAssignmentTests.swift; sourceTree = "<group>"; };
		BC0B36262592D56E0018F563 /* Info.plist */ = {isa = PBXFileReference; lastKnownFileType = text.plist.xml; path = Info.plist; sourceTree = "<group>"; };
		BC0B362B2592D56F0018F563 /* MicrosoftAssignmentUITests.xctest */ = {isa = PBXFileReference; explicitFileType = wrapper.cfbundle; includeInIndex = 0; path = MicrosoftAssignmentUITests.xctest; sourceTree = BUILT_PRODUCTS_DIR; };
		BC0B362F2592D56F0018F563 /* MicrosoftAssignmentUITests.swift */ = {isa = PBXFileReference; lastKnownFileType = sourcecode.swift; path = MicrosoftAssignmentUITests.swift; sourceTree = "<group>"; };
		BC0B36312592D56F0018F563 /* Info.plist */ = {isa = PBXFileReference; lastKnownFileType = text.plist.xml; path = Info.plist; sourceTree = "<group>"; };
		BC0B363D2592D5C30018F563 /* CollectionViewController.swift */ = {isa = PBXFileReference; lastKnownFileType = sourcecode.swift; path = CollectionViewController.swift; sourceTree = "<group>"; };
		BC0B364125945F180018F563 /* CustomCell.swift */ = {isa = PBXFileReference; lastKnownFileType = sourcecode.swift; path = CustomCell.swift; sourceTree = "<group>"; };
/* End PBXFileReference section */

/* Begin PBXFrameworksBuildPhase section */
		BC0B36072592D5650018F563 /* Frameworks */ = {
			isa = PBXFrameworksBuildPhase;
			buildActionMask = 2147483647;
			files = (
			);
			runOnlyForDeploymentPostprocessing = 0;
		};
		BC0B361D2592D56E0018F563 /* Frameworks */ = {
			isa = PBXFrameworksBuildPhase;
			buildActionMask = 2147483647;
			files = (
			);
			runOnlyForDeploymentPostprocessing = 0;
		};
		BC0B36282592D56F0018F563 /* Frameworks */ = {
			isa = PBXFrameworksBuildPhase;
			buildActionMask = 2147483647;
			files = (
			);
			runOnlyForDeploymentPostprocessing = 0;
		};
/* End PBXFrameworksBuildPhase section */

/* Begin PBXGroup section */
		BC0B36012592D5650018F563 = {
			isa = PBXGroup;
			children = (
				BC0B364125945F180018F563 /* CustomCell.swift */,
				BC0B360C2592D5650018F563 /* MicrosoftAssignment */,
				BC0B36232592D56E0018F563 /* MicrosoftAssignmentTests */,
				BC0B362E2592D56F0018F563 /* MicrosoftAssignmentUITests */,
				BC0B360B2592D5650018F563 /* Products */,
			);
			sourceTree = "<group>";
		};
		BC0B360B2592D5650018F563 /* Products */ = {
			isa = PBXGroup;
			children = (
				BC0B360A2592D5650018F563 /* MicrosoftAssignment.app */,
				BC0B36202592D56E0018F563 /* MicrosoftAssignmentTests.xctest */,
				BC0B362B2592D56F0018F563 /* MicrosoftAssignmentUITests.xctest */,
			);
			name = Products;
			sourceTree = "<group>";
		};
		BC0B360C2592D5650018F563 /* MicrosoftAssignment */ = {
			isa = PBXGroup;
			children = (
				BC0B360D2592D5650018F563 /* AppDelegate.swift */,
				BC0B360F2592D5650018F563 /* SceneDelegate.swift */,
				BC0B36112592D5650018F563 /* ViewController.swift */,
				BC0B363D2592D5C30018F563 /* CollectionViewController.swift */,
				BC0B36132592D5650018F563 /* Main.storyboard */,
				BC0B36162592D56E0018F563 /* Assets.xcassets */,
				BC0B36182592D56E0018F563 /* LaunchScreen.storyboard */,
				BC0B361B2592D56E0018F563 /* Info.plist */,
			);
			path = MicrosoftAssignment;
			sourceTree = "<group>";
		};
		BC0B36232592D56E0018F563 /* MicrosoftAssignmentTests */ = {
			isa = PBXGroup;
			children = (
				BC0B36242592D56E0018F563 /* MicrosoftAssignmentTests.swift */,
				BC0B36262592D56E0018F563 /* Info.plist */,
			);
			path = MicrosoftAssignmentTests;
			sourceTree = "<group>";
		};
		BC0B362E2592D56F0018F563 /* MicrosoftAssignmentUITests */ = {
			isa = PBXGroup;
			children = (
				BC0B362F2592D56F0018F563 /* MicrosoftAssignmentUITests.swift */,
				BC0B36312592D56F0018F563 /* Info.plist */,
			);
			path = MicrosoftAssignmentUITests;
			sourceTree = "<group>";
		};
/* End PBXGroup section */

/* Begin PBXNativeTarget section */
		BC0B36092592D5650018F563 /* MicrosoftAssignment */ = {
			isa = PBXNativeTarget;
			buildConfigurationList = BC0B36342592D56F0018F563 /* Build configuration list for PBXNativeTarget "MicrosoftAssignment" */;
			buildPhases = (
				BC0B36062592D5650018F563 /* Sources */,
				BC0B36072592D5650018F563 /* Frameworks */,
				BC0B36082592D5650018F563 /* Resources */,
			);
			buildRules = (
			);
			dependencies = (
			);
			name = MicrosoftAssignment;
			productName = MicrosoftAssignment;
			productReference = BC0B360A2592D5650018F563 /* MicrosoftAssignment.app */;
			productType = "com.apple.product-type.application";
		};
		BC0B361F2592D56E0018F563 /* MicrosoftAssignmentTests */ = {
			isa = PBXNativeTarget;
			buildConfigurationList = BC0B36372592D56F0018F563 /* Build configuration list for PBXNativeTarget "MicrosoftAssignmentTests" */;
			buildPhases = (
				BC0B361C2592D56E0018F563 /* Sources */,
				BC0B361D2592D56E0018F563 /* Frameworks */,
				BC0B361E2592D56E0018F563 /* Resources */,
			);
			buildRules = (
			);
			dependencies = (
				BC0B36222592D56E0018F563 /* PBXTargetDependency */,
			);
			name = MicrosoftAssignmentTests;
			productName = MicrosoftAssignmentTests;
			productReference = BC0B36202592D56E0018F563 /* MicrosoftAssignmentTests.xctest */;
			productType = "com.apple.product-type.bundle.unit-test";
		};
		BC0B362A2592D56F0018F563 /* MicrosoftAssignmentUITests */ = {
			isa = PBXNativeTarget;
			buildConfigurationList = BC0B363A2592D56F0018F563 /* Build configuration list for PBXNativeTarget "MicrosoftAssignmentUITests" */;
			buildPhases = (
				BC0B36272592D56F0018F563 /* Sources */,
				BC0B36282592D56F0018F563 /* Frameworks */,
				BC0B36292592D56F0018F563 /* Resources */,
			);
			buildRules = (
			);
			dependencies = (
				BC0B362D2592D56F0018F563 /* PBXTargetDependency */,
			);
			name = MicrosoftAssignmentUITests;
			productName = MicrosoftAssignmentUITests;
			productReference = BC0B362B2592D56F0018F563 /* MicrosoftAssignmentUITests.xctest */;
			productType = "com.apple.product-type.bundle.ui-testing";
		};
/* End PBXNativeTarget section */

/* Begin PBXProject section */
		BC0B36022592D5650018F563 /* Project object */ = {
			isa = PBXProject;
			attributes = {
				LastSwiftUpdateCheck = 1130;
				LastUpgradeCheck = 1130;
				ORGANIZATIONNAME = TalhaKhalid;
				TargetAttributes = {
					BC0B36092592D5650018F563 = {
						CreatedOnToolsVersion = 11.3.1;
					};
					BC0B361F2592D56E0018F563 = {
						CreatedOnToolsVersion = 11.3.1;
						TestTargetID = BC0B36092592D5650018F563;
					};
					BC0B362A2592D56F0018F563 = {
						CreatedOnToolsVersion = 11.3.1;
						TestTargetID = BC0B36092592D5650018F563;
					};
				};
			};
			buildConfigurationList = BC0B36052592D5650018F563 /* Build configuration list for PBXProject "MicrosoftAssignment" */;
			compatibilityVersion = "Xcode 9.3";
			developmentRegion = en;
			hasScannedForEncodings = 0;
			knownRegions = (
				en,
				Base,
			);
			mainGroup = BC0B36012592D5650018F563;
			productRefGroup = BC0B360B2592D5650018F563 /* Products */;
			projectDirPath = "";
			projectRoot = "";
			targets = (
				BC0B36092592D5650018F563 /* MicrosoftAssignment */,
				BC0B361F2592D56E0018F563 /* MicrosoftAssignmentTests */,
				BC0B362A2592D56F0018F563 /* MicrosoftAssignmentUITests */,
			);
		};
/* End PBXProject section */

/* Begin PBXResourcesBuildPhase section */
		BC0B36082592D5650018F563 /* Resources */ = {
			isa = PBXResourcesBuildPhase;
			buildActionMask = 2147483647;
			files = (
				BC0B361A2592D56E0018F563 /* LaunchScreen.storyboard in Resources */,
				BC0B36172592D56E0018F563 /* Assets.xcassets in Resources */,
				BC0B36152592D5650018F563 /* Main.storyboard in Resources */,
			);
			runOnlyForDeploymentPostprocessing = 0;
		};
		BC0B361E2592D56E0018F563 /* Resources */ = {
			isa = PBXResourcesBuildPhase;
			buildActionMask = 2147483647;
			files = (
			);
			runOnlyForDeploymentPostprocessing = 0;
		};
		BC0B36292592D56F0018F563 /* Resources */ = {
			isa = PBXResourcesBuildPhase;
			buildActionMask = 2147483647;
			files = (
			);
			runOnlyForDeploymentPostprocessing = 0;
		};
/* End PBXResourcesBuildPhase section */

/* Begin PBXSourcesBuildPhase section */
		BC0B36062592D5650018F563 /* Sources */ = {
			isa = PBXSourcesBuildPhase;
			buildActionMask = 2147483647;
			files = (
				BC0B364225945F180018F563 /* CustomCell.swift in Sources */,
				BC0B363E2592D5C30018F563 /* CollectionViewController.swift in Sources */,
				BC0B36122592D5650018F563 /* ViewController.swift in Sources */,
				BC0B360E2592D5650018F563 /* AppDelegate.swift in Sources */,
				BC0B36102592D5650018F563 /* SceneDelegate.swift in Sources */,
			);
			runOnlyForDeploymentPostprocessing = 0;
		};
		BC0B361C2592D56E0018F563 /* Sources */ = {
			isa = PBXSourcesBuildPhase;
			buildActionMask = 2147483647;
			files = (
				BC0B36252592D56E0018F563 /* MicrosoftAssignmentTests.swift in Sources */,
			);
			runOnlyForDeploymentPostprocessing = 0;
		};
		BC0B36272592D56F0018F563 /* Sources */ = {
			isa = PBXSourcesBuildPhase;
			buildActionMask = 2147483647;
			files = (
				BC0B36302592D56F0018F563 /* MicrosoftAssignmentUITests.swift in Sources */,
			);
			runOnlyForDeploymentPostprocessing = 0;
		};
/* End PBXSourcesBuildPhase section */

/* Begin PBXTargetDependency section */
		BC0B36222592D56E0018F563 /* PBXTargetDependency */ = {
			isa = PBXTargetDependency;
			target = BC0B36092592D5650018F563 /* MicrosoftAssignment */;
			targetProxy = BC0B36212592D56E0018F563 /* PBXContainerItemProxy */;
		};
		BC0B362D2592D56F0018F563 /* PBXTargetDependency */ = {
			isa = PBXTargetDependency;
			target = BC0B36092592D5650018F563 /* MicrosoftAssignment */;
			targetProxy = BC0B362C2592D56F0018F563 /* PBXContainerItemProxy */;
		};
/* End PBXTargetDependency section */

/* Begin PBXVariantGroup section */
		BC0B36132592D5650018F563 /* Main.storyboard */ = {
			isa = PBXVariantGroup;
			children = (
				BC0B36142592D5650018F563 /* Base */,
			);
			name = Main.storyboard;
			sourceTree = "<group>";
		};
		BC0B36182592D56E0018F563 /* LaunchScreen.storyboard */ = {
			isa = PBXVariantGroup;
			children = (
				BC0B36192592D56E0018F563 /* Base */,
			);
			name = LaunchScreen.storyboard;
			sourceTree = "<group>";
		};
/* End PBXVariantGroup section */

/* Begin XCBuildConfiguration section */
		BC0B36322592D56F0018F563 /* Debug */ = {
			isa = XCBuildConfiguration;
			buildSettings = {
				ALWAYS_SEARCH_USER_PATHS = NO;
				CLANG_ANALYZER_NONNULL = YES;
				CLANG_ANALYZER_NUMBER_OBJECT_CONVERSION = YES_AGGRESSIVE;
				CLANG_CXX_LANGUAGE_STANDARD = "gnu++14";
				CLANG_CXX_LIBRARY = "libc++";
				CLANG_ENABLE_MODULES = YES;
				CLANG_ENABLE_OBJC_ARC = YES;
				CLANG_ENABLE_OBJC_WEAK = YES;
				CLANG_WARN_BLOCK_CAPTURE_AUTORELEASING = YES;
				CLANG_WARN_BOOL_CONVERSION = YES;
				CLANG_WARN_COMMA = YES;
				CLANG_WARN_CONSTANT_CONVERSION = YES;
				CLANG_WARN_DEPRECATED_OBJC_IMPLEMENTATIONS = YES;
				CLANG_WARN_DIRECT_OBJC_ISA_USAGE = YES_ERROR;
				CLANG_WARN_DOCUMENTATION_COMMENTS = YES;
				CLANG_WARN_EMPTY_BODY = YES;
				CLANG_WARN_ENUM_CONVERSION = YES;
				CLANG_WARN_INFINITE_RECURSION = YES;
				CLANG_WARN_INT_CONVERSION = YES;
				CLANG_WARN_NON_LITERAL_NULL_CONVERSION = YES;
				CLANG_WARN_OBJC_IMPLICIT_RETAIN_SELF = YES;
				CLANG_WARN_OBJC_LITERAL_CONVERSION = YES;
				CLANG_WARN_OBJC_ROOT_CLASS = YES_ERROR;
				CLANG_WARN_RANGE_LOOP_ANALYSIS = YES;
				CLANG_WARN_STRICT_PROTOTYPES = YES;
				CLANG_WARN_SUSPICIOUS_MOVE = YES;
				CLANG_WARN_UNGUARDED_AVAILABILITY = YES_AGGRESSIVE;
				CLANG_WARN_UNREACHABLE_CODE = YES;
				CLANG_WARN__DUPLICATE_METHOD_MATCH = YES;
				COPY_PHASE_STRIP = NO;
				DEBUG_INFORMATION_FORMAT = dwarf;
				ENABLE_STRICT_OBJC_MSGSEND = YES;
				ENABLE_TESTABILITY = YES;
				GCC_C_LANGUAGE_STANDARD = gnu11;
				GCC_DYNAMIC_NO_PIC = NO;
				GCC_NO_COMMON_BLOCKS = YES;
				GCC_OPTIMIZATION_LEVEL = 0;
				GCC_PREPROCESSOR_DEFINITIONS = (
					"DEBUG=1",
					"$(inherited)",
				);
				GCC_WARN_64_TO_32_BIT_CONVERSION = YES;
				GCC_WARN_ABOUT_RETURN_TYPE = YES_ERROR;
				GCC_WARN_UNDECLARED_SELECTOR = YES;
				GCC_WARN_UNINITIALIZED_AUTOS = YES_AGGRESSIVE;
				GCC_WARN_UNUSED_FUNCTION = YES;
				GCC_WARN_UNUSED_VARIABLE = YES;
				IPHONEOS_DEPLOYMENT_TARGET = 13.2;
				MTL_ENABLE_DEBUG_INFO = INCLUDE_SOURCE;
				MTL_FAST_MATH = YES;
				ONLY_ACTIVE_ARCH = YES;
				SDKROOT = iphoneos;
				SWIFT_ACTIVE_COMPILATION_CONDITIONS = DEBUG;
				SWIFT_OPTIMIZATION_LEVEL = "-Onone";
			};
			name = Debug;
		};
		BC0B36332592D56F0018F563 /* Release */ = {
			isa = XCBuildConfiguration;
			buildSettings = {
				ALWAYS_SEARCH_USER_PATHS = NO;
				CLANG_ANALYZER_NONNULL = YES;
				CLANG_ANALYZER_NUMBER_OBJECT_CONVERSION = YES_AGGRESSIVE;
				CLANG_CXX_LANGUAGE_STANDARD = "gnu++14";
				CLANG_CXX_LIBRARY = "libc++";
				CLANG_ENABLE_MODULES = YES;
				CLANG_ENABLE_OBJC_ARC = YES;
				CLANG_ENABLE_OBJC_WEAK = YES;
				CLANG_WARN_BLOCK_CAPTURE_AUTORELEASING = YES;
				CLANG_WARN_BOOL_CONVERSION = YES;
				CLANG_WARN_COMMA = YES;
				CLANG_WARN_CONSTANT_CONVERSION = YES;
				CLANG_WARN_DEPRECATED_OBJC_IMPLEMENTATIONS = YES;
				CLANG_WARN_DIRECT_OBJC_ISA_USAGE = YES_ERROR;
				CLANG_WARN_DOCUMENTATION_COMMENTS = YES;
				CLANG_WARN_EMPTY_BODY = YES;
				CLANG_WARN_ENUM_CONVERSION = YES;
				CLANG_WARN_INFINITE_RECURSION = YES;
				CLANG_WARN_INT_CONVERSION = YES;
				CLANG_WARN_NON_LITERAL_NULL_CONVERSION = YES;
				CLANG_WARN_OBJC_IMPLICIT_RETAIN_SELF = YES;
				CLANG_WARN_OBJC_LITERAL_CONVERSION = YES;
				CLANG_WARN_OBJC_ROOT_CLASS = YES_ERROR;
				CLANG_WARN_RANGE_LOOP_ANALYSIS = YES;
				CLANG_WARN_STRICT_PROTOTYPES = YES;
				CLANG_WARN_SUSPICIOUS_MOVE = YES;
				CLANG_WARN_UNGUARDED_AVAILABILITY = YES_AGGRESSIVE;
				CLANG_WARN_UNREACHABLE_CODE = YES;
				CLANG_WARN__DUPLICATE_METHOD_MATCH = YES;
				COPY_PHASE_STRIP = NO;
				DEBUG_INFORMATION_FORMAT = "dwarf-with-dsym";
				ENABLE_NS_ASSERTIONS = NO;
				ENABLE_STRICT_OBJC_MSGSEND = YES;
				GCC_C_LANGUAGE_STANDARD = gnu11;
				GCC_NO_COMMON_BLOCKS = YES;
				GCC_WARN_64_TO_32_BIT_CONVERSION = YES;
				GCC_WARN_ABOUT_RETURN_TYPE = YES_ERROR;
				GCC_WARN_UNDECLARED_SELECTOR = YES;
				GCC_WARN_UNINITIALIZED_AUTOS = YES_AGGRESSIVE;
				GCC_WARN_UNUSED_FUNCTION = YES;
				GCC_WARN_UNUSED_VARIABLE = YES;
				IPHONEOS_DEPLOYMENT_TARGET = 13.2;
				MTL_ENABLE_DEBUG_INFO = NO;
				MTL_FAST_MATH = YES;
				SDKROOT = iphoneos;
				SWIFT_COMPILATION_MODE = wholemodule;
				SWIFT_OPTIMIZATION_LEVEL = "-O";
				VALIDATE_PRODUCT = YES;
			};
			name = Release;
		};
		BC0B36352592D56F0018F563 /* Debug */ = {
			isa = XCBuildConfiguration;
			buildSettings = {
				ASSETCATALOG_COMPILER_APPICON_NAME = AppIcon;
				CODE_SIGN_STYLE = Automatic;
				INFOPLIST_FILE = MicrosoftAssignment/Info.plist;
				LD_RUNPATH_SEARCH_PATHS = (
					"$(inherited)",
					"@executable_path/Frameworks",
				);
				PRODUCT_BUNDLE_IDENTIFIER = com.talhakhalid.MicrosoftAssignment;
				PRODUCT_NAME = "$(TARGET_NAME)";
				SWIFT_VERSION = 5.0;
				TARGETED_DEVICE_FAMILY = "1,2";
			};
			name = Debug;
		};
		BC0B36362592D56F0018F563 /* Release */ = {
			isa = XCBuildConfiguration;
			buildSettings = {
				ASSETCATALOG_COMPILER_APPICON_NAME = AppIcon;
				CODE_SIGN_STYLE = Automatic;
				INFOPLIST_FILE = MicrosoftAssignment/Info.plist;
				LD_RUNPATH_SEARCH_PATHS = (
					"$(inherited)",
					"@executable_path/Frameworks",
				);
				PRODUCT_BUNDLE_IDENTIFIER = com.talhakhalid.MicrosoftAssignment;
				PRODUCT_NAME = "$(TARGET_NAME)";
				SWIFT_VERSION = 5.0;
				TARGETED_DEVICE_FAMILY = "1,2";
			};
			name = Release;
		};
		BC0B36382592D56F0018F563 /* Debug */ = {
			isa = XCBuildConfiguration;
			buildSettings = {
				ALWAYS_EMBED_SWIFT_STANDARD_LIBRARIES = YES;
				BUNDLE_LOADER = "$(TEST_HOST)";
				CODE_SIGN_STYLE = Automatic;
				INFOPLIST_FILE = MicrosoftAssignmentTests/Info.plist;
				IPHONEOS_DEPLOYMENT_TARGET = 13.2;
				LD_RUNPATH_SEARCH_PATHS = (
					"$(inherited)",
					"@executable_path/Frameworks",
					"@loader_path/Frameworks",
				);
				PRODUCT_BUNDLE_IDENTIFIER = com.talhakhalid.MicrosoftAssignmentTests;
				PRODUCT_NAME = "$(TARGET_NAME)";
				SWIFT_VERSION = 5.0;
				TARGETED_DEVICE_FAMILY = "1,2";
				TEST_HOST = "$(BUILT_PRODUCTS_DIR)/MicrosoftAssignment.app/MicrosoftAssignment";
			};
			name = Debug;
		};
		BC0B36392592D56F0018F563 /* Release */ = {
			isa = XCBuildConfiguration;
			buildSettings = {
				ALWAYS_EMBED_SWIFT_STANDARD_LIBRARIES = YES;
				BUNDLE_LOADER = "$(TEST_HOST)";
				CODE_SIGN_STYLE = Automatic;
				INFOPLIST_FILE = MicrosoftAssignmentTests/Info.plist;
				IPHONEOS_DEPLOYMENT_TARGET = 13.2;
				LD_RUNPATH_SEARCH_PATHS = (
					"$(inherited)",
					"@executable_path/Frameworks",
					"@loader_path/Frameworks",
				);
				PRODUCT_BUNDLE_IDENTIFIER = com.talhakhalid.MicrosoftAssignmentTests;
				PRODUCT_NAME = "$(TARGET_NAME)";
				SWIFT_VERSION = 5.0;
				TARGETED_DEVICE_FAMILY = "1,2";
				TEST_HOST = "$(BUILT_PRODUCTS_DIR)/MicrosoftAssignment.app/MicrosoftAssignment";
			};
			name = Release;
		};
		BC0B363B2592D56F0018F563 /* Debug */ = {
			isa = XCBuildConfiguration;
			buildSettings = {
				ALWAYS_EMBED_SWIFT_STANDARD_LIBRARIES = YES;
				CODE_SIGN_STYLE = Automatic;
				INFOPLIST_FILE = MicrosoftAssignmentUITests/Info.plist;
				LD_RUNPATH_SEARCH_PATHS = (
					"$(inherited)",
					"@executable_path/Frameworks",
					"@loader_path/Frameworks",
				);
				PRODUCT_BUNDLE_IDENTIFIER = com.talhakhalid.MicrosoftAssignmentUITests;
				PRODUCT_NAME = "$(TARGET_NAME)";
				SWIFT_VERSION = 5.0;
				TARGETED_DEVICE_FAMILY = "1,2";
				TEST_TARGET_NAME = MicrosoftAssignment;
			};
			name = Debug;
		};
		BC0B363C2592D56F0018F563 /* Release */ = {
			isa = XCBuildConfiguration;
			buildSettings = {
				ALWAYS_EMBED_SWIFT_STANDARD_LIBRARIES = YES;
				CODE_SIGN_STYLE = Automatic;
				INFOPLIST_FILE = MicrosoftAssignmentUITests/Info.plist;
				LD_RUNPATH_SEARCH_PATHS = (
					"$(inherited)",
					"@executable_path/Frameworks",
					"@loader_path/Frameworks",
				);
				PRODUCT_BUNDLE_IDENTIFIER = com.talhakhalid.MicrosoftAssignmentUITests;
				PRODUCT_NAME = "$(TARGET_NAME)";
				SWIFT_VERSION = 5.0;
				TARGETED_DEVICE_FAMILY = "1,2";
				TEST_TARGET_NAME = MicrosoftAssignment;
			};
			name = Release;
		};
/* End XCBuildConfiguration section */

/* Begin XCConfigurationList section */
		BC0B36052592D5650018F563 /* Build configuration list for PBXProject "MicrosoftAssignment" */ = {
			isa = XCConfigurationList;
			buildConfigurations = (
				BC0B36322592D56F0018F563 /* Debug */,
				BC0B36332592D56F0018F563 /* Release */,
			);
			defaultConfigurationIsVisible = 0;
			defaultConfigurationName = Release;
		};
		BC0B36342592D56F0018F563 /* Build configuration list for PBXNativeTarget "MicrosoftAssignment" */ = {
			isa = XCConfigurationList;
			buildConfigurations = (
				BC0B36352592D56F0018F563 /* Debug */,
				BC0B36362592D56F0018F563 /* Release */,
			);
			defaultConfigurationIsVisible = 0;
			defaultConfigurationName = Release;
		};
		BC0B36372592D56F0018F563 /* Build configuration list for PBXNativeTarget "MicrosoftAssignmentTests" */ = {
			isa = XCConfigurationList;
			buildConfigurations = (
				BC0B36382592D56F0018F563 /* Debug */,
				BC0B36392592D56F0018F563 /* Release */,
			);
			defaultConfigurationIsVisible = 0;
			defaultConfigurationName = Release;
		};
		BC0B363A2592D56F0018F563 /* Build configuration list for PBXNativeTarget "MicrosoftAssignmentUITests" */ = {
			isa = XCConfigurationList;
			buildConfigurations = (
				BC0B363B2592D56F0018F563 /* Debug */,
				BC0B363C2592D56F0018F563 /* Release */,
			);
			defaultConfigurationIsVisible = 0;
			defaultConfigurationName = Release;
		};
/* End XCConfigurationList section */
	};
	rootObject = BC0B36022592D5650018F563 /* Project object */;
}
